<?xml version="1.0" encoding="utf-8"?>
<Project ToolsVersion="4.0" xmlns="http://schemas.microsoft.com/developer/msbuild/2003">
  <ItemGroup>
    <Filter Include="Source Files">
      <UniqueIdentifier>{4FC737F1-C7A5-4376-A066-2A32D752A2FF}</UniqueIdentifier>
      <Extensions>cpp;c;cc;cxx;def;odl;idl;hpj;bat;asm;asmx</Extensions>
    </Filter>
    <Filter Include="Header Files">
      <UniqueIdentifier>{93995380-89BD-4b04-88EB-625FBE52EBFB}</UniqueIdentifier>
      <Extensions>h;hh;hpp;hxx;hm;inl;inc;xsd</Extensions>
    </Filter>
    <Filter Include="Resource Files">
      <UniqueIdentifier>{67DA6AB6-F800-4c08-8B7A-83BB121AAD01}</UniqueIdentifier>
      <Extensions>rc;ico;cur;bmp;dlg;rc2;rct;bin;rgs;gif;jpg;jpeg;jpe;resx;tiff;tif;png;wav;mfcribbon-ms</Extensions>
    </Filter>
    <Filter Include="Shaders">
      <UniqueIdentifier>{f0a212ad-aef1-41f7-aef2-eced168a5dbb}</UniqueIdentifier>
    </Filter>
    <Filter Include="Assets">
      <UniqueIdentifier>{f9f8ea30-5f89-46dd-abc3-3f1a320051bc}</UniqueIdentifier>
    </Filter>
  </ItemGroup>
  <ItemGroup>
    <ClCompile Include="main.cpp">
      <Filter>Source Files</Filter>
    </ClCompile>
    <ClCompile Include="SystemClass.cpp">
      <Filter>Source Files</Filter>
    </ClCompile>
    <ClCompile Include="InputClass.cpp">
      <Filter>Source Files</Filter>
    </ClCompile>
    <ClCompile Include="GraphicsClass.cpp">
      <Filter>Source Files</Filter>
    </ClCompile>
    <ClCompile Include="Light.cpp">
      <Filter>Source Files</Filter>
    </ClCompile>
    <ClCompile Include="CameraClass.cpp">
      <Filter>Source Files</Filter>
    </ClCompile>
    <ClCompile Include="D3DClass.cpp">
      <Filter>Source Files</Filter>
    </ClCompile>
    <ClCompile Include="ModelClass.cpp">
      <Filter>Source Files</Filter>
    </ClCompile>
    <ClCompile Include="ShaderClass.cpp">
      <Filter>Source Files</Filter>
    </ClCompile>
    <ClCompile Include="DDSTextureLoader.cpp">
      <Filter>Source Files</Filter>
    </ClCompile>
    <ClCompile Include="SkyBoxClass.cpp">
      <Filter>Source Files</Filter>
    </ClCompile>
    <ClCompile Include="BoxModelClass.cpp">
      <Filter>Source Files</Filter>
    </ClCompile>
    <ClCompile Include="BoxShaderClass.cpp">
      <Filter>Source Files</Filter>
    </ClCompile>
    <ClCompile Include="TeddyModelClass.cpp">
      <Filter>Source Files</Filter>
    </ClCompile>
    <ClCompile Include="TeddyShaderClass.cpp">
      <Filter>Source Files</Filter>
    </ClCompile>
    <ClCompile Include="BoneSphereModelClass.cpp">
      <Filter>Source Files</Filter>
    </ClCompile>
    <ClCompile Include="BoneSphereShaderClass.cpp">
      <Filter>Source Files</Filter>
    </ClCompile>
    <ClCompile Include="MageModelClass.cpp">
      <Filter>Source Files</Filter>
    </ClCompile>
    <ClCompile Include="MageShaderClass.cpp">
      <Filter>Source Files</Filter>
    </ClCompile>
  </ItemGroup>
  <ItemGroup>
    <ClInclude Include="SystemClass.h">
      <Filter>Header Files</Filter>
    </ClInclude>
    <ClInclude Include="InputClass.h">
      <Filter>Header Files</Filter>
    </ClInclude>
    <ClInclude Include="GraphicsClass.h">
      <Filter>Header Files</Filter>
    </ClInclude>
    <ClInclude Include="resource.h">
      <Filter>Header Files</Filter>
    </ClInclude>
    <ClInclude Include="Light.h">
      <Filter>Header Files</Filter>
    </ClInclude>
    <ClInclude Include="CameraClass.h">
      <Filter>Header Files</Filter>
    </ClInclude>
    <ClInclude Include="D3DClass.h">
      <Filter>Header Files</Filter>
    </ClInclude>
    <ClInclude Include="ModelClass.h">
      <Filter>Header Files</Filter>
    </ClInclude>
    <ClInclude Include="ShaderClass.h">
      <Filter>Header Files</Filter>
    </ClInclude>
    <ClInclude Include="DDSTextureLoader.h">
      <Filter>Header Files</Filter>
    </ClInclude>
    <ClInclude Include="SkyBoxClass.h">
      <Filter>Header Files</Filter>
    </ClInclude>
    <ClInclude Include="BoxModelClass.h">
      <Filter>Header Files</Filter>
    </ClInclude>
    <ClInclude Include="BoxShaderClass.h">
      <Filter>Header Files</Filter>
    </ClInclude>
    <ClInclude Include="TeddyModelClass.h">
      <Filter>Header Files</Filter>
    </ClInclude>
    <ClInclude Include="TeddyShaderClass.h">
      <Filter>Header Files</Filter>
    </ClInclude>
    <ClInclude Include="BoneSphereModelClass.h">
      <Filter>Header Files</Filter>
    </ClInclude>
    <ClInclude Include="BoneSphereShaderClass.h">
      <Filter>Header Files</Filter>
    </ClInclude>
    <ClInclude Include="MageModelClass.h">
      <Filter>Header Files</Filter>
    </ClInclude>
    <ClInclude Include="MageShaderClass.h">
      <Filter>Header Files</Filter>
    </ClInclude>
  </ItemGroup>
  <ItemGroup>
    <ResourceCompile Include="BaseApp.rc">
      <Filter>Resource Files</Filter>
    </ResourceCompile>
  </ItemGroup>
  <ItemGroup>
    <FxCompile Include="GroundQuadPixelShader.hlsl">
      <Filter>Shaders</Filter>
    </FxCompile>
    <FxCompile Include="GroundQuadVertexShader.hlsl">
      <Filter>Shaders</Filter>
    </FxCompile>
    <FxCompile Include="PassThruPS.fx">
      <Filter>Shaders</Filter>
    </FxCompile>
    <FxCompile Include="PassThruVS.fx">
      <Filter>Shaders</Filter>
    </FxCompile>
    <FxCompile Include="SkyboxShader_VS.hlsl">
      <Filter>Shaders</Filter>
    </FxCompile>
    <FxCompile Include="BoxPS.fx">
      <Filter>Shaders</Filter>
    </FxCompile>
    <FxCompile Include="BoxVS.fx">
      <Filter>Shaders</Filter>
    </FxCompile>
    <FxCompile Include="TeddyVS.fx">
      <Filter>Shaders</Filter>
    </FxCompile>
    <FxCompile Include="TeddyPS.fx">
      <Filter>Shaders</Filter>
    </FxCompile>
    <FxCompile Include="BoneVS.fx">
      <Filter>Shaders</Filter>
    </FxCompile>
    <FxCompile Include="BonePS.fx">
      <Filter>Shaders</Filter>
    </FxCompile>
    <FxCompile Include="MageVS.fx">
      <Filter>Shaders</Filter>
    </FxCompile>
    <FxCompile Include="MagePS.fx">
      <Filter>Shaders</Filter>
    </FxCompile>
  </ItemGroup>
  <ItemGroup>
    <None Include="Box_Attack.fbx">
      <Filter>Assets</Filter>
    </None>
    <None Include="Box_Idle.fbx">
      <Filter>Assets</Filter>
    </None>
    <None Include="Box_Jump.fbx">
      <Filter>Assets</Filter>
    </None>
    <None Include="Box_Walk.fbx">
      <Filter>Assets</Filter>
    </None>
    <None Include="Death.fbx">
      <Filter>Assets</Filter>
    </None>
  </ItemGroup>
</Project>